// !$*UTF8*$!
{
	archiveVersion = 1;
	classes = {
	};
	objectVersion = 55;
	objects = {

/* Begin PBXBuildFile section */
		7797D63F4391E9AECE405DFE /* Pods_Easy_Camera_Makeup.framework in Frameworks */ = {isa = PBXBuildFile; fileRef = C537E7AF97EA0A72635CB954 /* Pods_Easy_Camera_Makeup.framework */; };
		93989DE22980DBB5004BAA1C /* AppDelegate.swift in Sources */ = {isa = PBXBuildFile; fileRef = 93989DE12980DBB5004BAA1C /* AppDelegate.swift */; };
		93989DE42980DBB5004BAA1C /* SceneDelegate.swift in Sources */ = {isa = PBXBuildFile; fileRef = 93989DE32980DBB5004BAA1C /* SceneDelegate.swift */; };
		93989DE62980DBB5004BAA1C /* ViewController.swift in Sources */ = {isa = PBXBuildFile; fileRef = 93989DE52980DBB5004BAA1C /* ViewController.swift */; };
		93989DE92980DBB5004BAA1C /* Main.storyboard in Resources */ = {isa = PBXBuildFile; fileRef = 93989DE72980DBB5004BAA1C /* Main.storyboard */; };
		93989DEB2980DBB6004BAA1C /* Assets.xcassets in Resources */ = {isa = PBXBuildFile; fileRef = 93989DEA2980DBB6004BAA1C /* Assets.xcassets */; };
		93989DEE2980DBB6004BAA1C /* LaunchScreen.storyboard in Resources */ = {isa = PBXBuildFile; fileRef = 93989DEC2980DBB6004BAA1C /* LaunchScreen.storyboard */; };
		93989DFD29812186004BAA1C /* .swiflint.yml in Resources */ = {isa = PBXBuildFile; fileRef = 93989DFC29812186004BAA1C /* .swiflint.yml */; };
		93A68B282982B957004EB692 /* UIApplication+Extension.swift in Sources */ = {isa = PBXBuildFile; fileRef = 93A68B042982B956004EB692 /* UIApplication+Extension.swift */; };
		93A68B2A2982B957004EB692 /* RowDetailGeneric.swift in Sources */ = {isa = PBXBuildFile; fileRef = 93A68B062982B956004EB692 /* RowDetailGeneric.swift */; };
		93A68B2C2982B957004EB692 /* UITapgesture+Extension.swift in Sources */ = {isa = PBXBuildFile; fileRef = 93A68B082982B956004EB692 /* UITapgesture+Extension.swift */; };
		93A68B2D2982B957004EB692 /* UIWindow+Extension.swift in Sources */ = {isa = PBXBuildFile; fileRef = 93A68B092982B956004EB692 /* UIWindow+Extension.swift */; };
		93A68B2E2982B957004EB692 /* UILableExtension.swift in Sources */ = {isa = PBXBuildFile; fileRef = 93A68B0A2982B956004EB692 /* UILableExtension.swift */; };
		93A68B302982B957004EB692 /* UITextViewExtension.swift in Sources */ = {isa = PBXBuildFile; fileRef = 93A68B0C2982B956004EB692 /* UITextViewExtension.swift */; };
		93A68B312982B957004EB692 /* NumberExtension.swift in Sources */ = {isa = PBXBuildFile; fileRef = 93A68B0D2982B956004EB692 /* NumberExtension.swift */; };
		93A68B322982B957004EB692 /* ViewControllerExtension.swift in Sources */ = {isa = PBXBuildFile; fileRef = 93A68B0E2982B956004EB692 /* ViewControllerExtension.swift */; };
		93A68B332982B957004EB692 /* Collection+Extension.swift in Sources */ = {isa = PBXBuildFile; fileRef = 93A68B0F2982B956004EB692 /* Collection+Extension.swift */; };
		93A68B352982B957004EB692 /* UIColor+Extensions.swift in Sources */ = {isa = PBXBuildFile; fileRef = 93A68B112982B956004EB692 /* UIColor+Extensions.swift */; };
		93A68B362982B957004EB692 /* CustomButton.swift in Sources */ = {isa = PBXBuildFile; fileRef = 93A68B122982B956004EB692 /* CustomButton.swift */; };
		93A68B372982B957004EB692 /* CustomSegment.swift in Sources */ = {isa = PBXBuildFile; fileRef = 93A68B132982B956004EB692 /* CustomSegment.swift */; };
		93A68B392982B957004EB692 /* DecimalNumber+Extension.swift in Sources */ = {isa = PBXBuildFile; fileRef = 93A68B152982B956004EB692 /* DecimalNumber+Extension.swift */; };
		93A68B3A2982B957004EB692 /* ArrayExxtension.swift in Sources */ = {isa = PBXBuildFile; fileRef = 93A68B162982B956004EB692 /* ArrayExxtension.swift */; };
		93A68B3C2982B957004EB692 /* UITextField_Extension.swift in Sources */ = {isa = PBXBuildFile; fileRef = 93A68B182982B956004EB692 /* UITextField_Extension.swift */; };
		93A68B3D2982B957004EB692 /* String+Extension.swift in Sources */ = {isa = PBXBuildFile; fileRef = 93A68B192982B956004EB692 /* String+Extension.swift */; };
		93A68B402982B957004EB692 /* UIAllertVC+Extension.swift in Sources */ = {isa = PBXBuildFile; fileRef = 93A68B1C2982B956004EB692 /* UIAllertVC+Extension.swift */; };
		93A68B412982B957004EB692 /* Font+Extension.swift in Sources */ = {isa = PBXBuildFile; fileRef = 93A68B1D2982B956004EB692 /* Font+Extension.swift */; };
		93A68B422982B957004EB692 /* UIViewController+Rx.swift in Sources */ = {isa = PBXBuildFile; fileRef = 93A68B1E2982B956004EB692 /* UIViewController+Rx.swift */; };
		93A68B432982B957004EB692 /* ReadMoreTextViewExtension.swift in Sources */ = {isa = PBXBuildFile; fileRef = 93A68B1F2982B956004EB692 /* ReadMoreTextViewExtension.swift */; };
		93A68B442982B957004EB692 /* StringExtension.swift in Sources */ = {isa = PBXBuildFile; fileRef = 93A68B202982B956004EB692 /* StringExtension.swift */; };
		93A68B452982B957004EB692 /* CodableExtension.swift in Sources */ = {isa = PBXBuildFile; fileRef = 93A68B212982B956004EB692 /* CodableExtension.swift */; };
		93A68B462982B957004EB692 /* Encode+Extension.swift in Sources */ = {isa = PBXBuildFile; fileRef = 93A68B222982B956004EB692 /* Encode+Extension.swift */; };
		93A68B472982B957004EB692 /* PushNotificationHandler.swift in Sources */ = {isa = PBXBuildFile; fileRef = 93A68B242982B956004EB692 /* PushNotificationHandler.swift */; };
		93A68B482982B957004EB692 /* ProductViewModel.swift in Sources */ = {isa = PBXBuildFile; fileRef = 93A68B252982B956004EB692 /* ProductViewModel.swift */; };
		93A68B492982B957004EB692 /* LabelExtension.swift in Sources */ = {isa = PBXBuildFile; fileRef = 93A68B262982B956004EB692 /* LabelExtension.swift */; };
		93A68B4A2982B957004EB692 /* DateExtension.swift in Sources */ = {isa = PBXBuildFile; fileRef = 93A68B272982B956004EB692 /* DateExtension.swift */; };
		93A68B4D2982B972004EB692 /* KeyboardInfo.swift in Sources */ = {isa = PBXBuildFile; fileRef = 93A68B4C2982B972004EB692 /* KeyboardInfo.swift */; };
		93A68B502982B9A7004EB692 /* BaseViewController.swift in Sources */ = {isa = PBXBuildFile; fileRef = 93A68B4F2982B9A7004EB692 /* BaseViewController.swift */; };
		93A68B522982BAAA004EB692 /* TabbarVC.swift in Sources */ = {isa = PBXBuildFile; fileRef = 93A68B512982BAAA004EB692 /* TabbarVC.swift */; };
		93A68B562982BB4A004EB692 /* UIFont+Extension.swift in Sources */ = {isa = PBXBuildFile; fileRef = 93A68B542982BB4A004EB692 /* UIFont+Extension.swift */; };
		93A68B572982BB4A004EB692 /* SettingDefaultFont.swift in Sources */ = {isa = PBXBuildFile; fileRef = 93A68B552982BB4A004EB692 /* SettingDefaultFont.swift */; };
		93A68B5D2982BD9F004EB692 /* AlbumsVC.xib in Resources */ = {isa = PBXBuildFile; fileRef = 93A68B5A2982BD9F004EB692 /* AlbumsVC.xib */; };
		93A68B5E2982BD9F004EB692 /* AlbumsVM.swift in Sources */ = {isa = PBXBuildFile; fileRef = 93A68B5B2982BD9F004EB692 /* AlbumsVM.swift */; };
		93A68B5F2982BD9F004EB692 /* AlbumsVC.swift in Sources */ = {isa = PBXBuildFile; fileRef = 93A68B5C2982BD9F004EB692 /* AlbumsVC.swift */; };
		93A68B622982BEC2004EB692 /* ManageCameraMakeUp.swift in Sources */ = {isa = PBXBuildFile; fileRef = 93A68B612982BEC2004EB692 /* ManageCameraMakeUp.swift */; };
		93A68B792982CBBD004EB692 /* SetUpBase.swift in Sources */ = {isa = PBXBuildFile; fileRef = 93A68B742982CBBC004EB692 /* SetUpBase.swift */; };
		93A68B7B2982CBBD004EB692 /* BaseModelReponseSuccess.swift in Sources */ = {isa = PBXBuildFile; fileRef = 93A68B782982CBBD004EB692 /* BaseModelReponseSuccess.swift */; };
		93A68BE22982CC5E004EB692 /* StickerView.swift in Sources */ = {isa = PBXBuildFile; fileRef = 93A68B7E2982CC5E004EB692 /* StickerView.swift */; };
		93A68BE32982CC5E004EB692 /* BottomPopupUtils.swift in Sources */ = {isa = PBXBuildFile; fileRef = 93A68B802982CC5E004EB692 /* BottomPopupUtils.swift */; };
		93A68BE42982CC5E004EB692 /* BottomPopupViewController.swift in Sources */ = {isa = PBXBuildFile; fileRef = 93A68B812982CC5E004EB692 /* BottomPopupViewController.swift */; };
		93A68BE52982CC5E004EB692 /* BottomPopupDismissInteractionController.swift in Sources */ = {isa = PBXBuildFile; fileRef = 93A68B822982CC5E004EB692 /* BottomPopupDismissInteractionController.swift */; };
		93A68BE62982CC5E004EB692 /* BottomPopupNavigationController.swift in Sources */ = {isa = PBXBuildFile; fileRef = 93A68B832982CC5E004EB692 /* BottomPopupNavigationController.swift */; };
		93A68BE72982CC5E004EB692 /* BottomPopupDismissAnimator.swift in Sources */ = {isa = PBXBuildFile; fileRef = 93A68B842982CC5E004EB692 /* BottomPopupDismissAnimator.swift */; };
		93A68BE82982CC5E004EB692 /* BottomPopupPresentAnimator.swift in Sources */ = {isa = PBXBuildFile; fileRef = 93A68B852982CC5E004EB692 /* BottomPopupPresentAnimator.swift */; };
		93A68BE92982CC5E004EB692 /* BottomPopupTransitionHandler.swift in Sources */ = {isa = PBXBuildFile; fileRef = 93A68B862982CC5E004EB692 /* BottomPopupTransitionHandler.swift */; };
		93A68BEA2982CC5E004EB692 /* BottomPopupPresentationController.swift in Sources */ = {isa = PBXBuildFile; fileRef = 93A68B872982CC5E004EB692 /* BottomPopupPresentationController.swift */; };
		93A68BEC2982CC5E004EB692 /* UICollectionView+Reusable.swift in Sources */ = {isa = PBXBuildFile; fileRef = 93A68B8A2982CC5E004EB692 /* UICollectionView+Reusable.swift */; };
		93A68BED2982CC5E004EB692 /* UITableViewExtensions.swift in Sources */ = {isa = PBXBuildFile; fileRef = 93A68B8B2982CC5E004EB692 /* UITableViewExtensions.swift */; };
		93A68BF12982CC5E004EB692 /* UICollectionView+Utilities.swift in Sources */ = {isa = PBXBuildFile; fileRef = 93A68B8F2982CC5E004EB692 /* UICollectionView+Utilities.swift */; };
		93A68BF22982CC5E004EB692 /* UICollectionViewExtensions.swift in Sources */ = {isa = PBXBuildFile; fileRef = 93A68B902982CC5E004EB692 /* UICollectionViewExtensions.swift */; };
		93A68BF32982CC5E004EB692 /* UIImage+Extension.swift in Sources */ = {isa = PBXBuildFile; fileRef = 93A68B912982CC5E004EB692 /* UIImage+Extension.swift */; };
		93A68BF42982CC5E004EB692 /* UINavigationController+Extension.swift in Sources */ = {isa = PBXBuildFile; fileRef = 93A68B922982CC5E004EB692 /* UINavigationController+Extension.swift */; };
		93A68BF52982CC5E004EB692 /* Reusable.swift in Sources */ = {isa = PBXBuildFile; fileRef = 93A68B932982CC5E004EB692 /* Reusable.swift */; };
		93A68BF62982CC5E004EB692 /* URL+Extension.swift in Sources */ = {isa = PBXBuildFile; fileRef = 93A68B942982CC5E004EB692 /* URL+Extension.swift */; };
		93A68BF72982CC5E004EB692 /* GiiftImage+Extension.swift in Sources */ = {isa = PBXBuildFile; fileRef = 93A68B952982CC5E004EB692 /* GiiftImage+Extension.swift */; };
		93A68BF82982CC5E004EB692 /* UINavigationControllerExtensions.swift in Sources */ = {isa = PBXBuildFile; fileRef = 93A68B962982CC5E004EB692 /* UINavigationControllerExtensions.swift */; };
		93A68BFB2982CC5E004EB692 /* DoubleExtension.swift in Sources */ = {isa = PBXBuildFile; fileRef = 93A68B992982CC5E004EB692 /* DoubleExtension.swift */; };
		93A68BFC2982CC5E004EB692 /* TableViewExtension.swift in Sources */ = {isa = PBXBuildFile; fileRef = 93A68B9A2982CC5E004EB692 /* TableViewExtension.swift */; };
		93A68BFD2982CC5E004EB692 /* NibLoadable.swift in Sources */ = {isa = PBXBuildFile; fileRef = 93A68B9B2982CC5E004EB692 /* NibLoadable.swift */; };
		93A68BFF2982CC5E004EB692 /* Array+Extension.swift in Sources */ = {isa = PBXBuildFile; fileRef = 93A68B9D2982CC5E004EB692 /* Array+Extension.swift */; };
		93A68C072982CC5E004EB692 /* UIActivityExtensions.swift in Sources */ = {isa = PBXBuildFile; fileRef = 93A68BA82982CC5E004EB692 /* UIActivityExtensions.swift */; };
		93A68C082982CC5E004EB692 /* UIViewControllerExtensions.swift in Sources */ = {isa = PBXBuildFile; fileRef = 93A68BAA2982CC5E004EB692 /* UIViewControllerExtensions.swift */; };
		93A68C0D2982CC5E004EB692 /* ViewExtension.swift in Sources */ = {isa = PBXBuildFile; fileRef = 93A68BB12982CC5E004EB692 /* ViewExtension.swift */; };
		93A68C192982CC5F004EB692 /* CALayerExtension.swift in Sources */ = {isa = PBXBuildFile; fileRef = 93A68BC42982CC5E004EB692 /* CALayerExtension.swift */; };
		93A68C1A2982CC5F004EB692 /* PropertyWapper.swift in Sources */ = {isa = PBXBuildFile; fileRef = 93A68BC62982CC5E004EB692 /* PropertyWapper.swift */; };
		93A68C292982CC5F004EB692 /* Obserable+Extension.swift in Sources */ = {isa = PBXBuildFile; fileRef = 93A68BD92982CC5E004EB692 /* Obserable+Extension.swift */; };
		93A68C2A2982CC5F004EB692 /* Toucan.swift in Sources */ = {isa = PBXBuildFile; fileRef = 93A68BDB2982CC5E004EB692 /* Toucan.swift */; };
		93A68C2B2982CC5F004EB692 /* UIImage+ImageCompress.m in Sources */ = {isa = PBXBuildFile; fileRef = 93A68BDD2982CC5E004EB692 /* UIImage+ImageCompress.m */; };
		93A68C2C2982CC5F004EB692 /* UIImage+Tint.m in Sources */ = {isa = PBXBuildFile; fileRef = 93A68BDF2982CC5E004EB692 /* UIImage+Tint.m */; };
		93A68C2D2982CC5F004EB692 /* UIImage+ProportionalFill.m in Sources */ = {isa = PBXBuildFile; fileRef = 93A68BE12982CC5E004EB692 /* UIImage+ProportionalFill.m */; };
		93A68C302982D04A004EB692 /* AlbumsCell.swift in Sources */ = {isa = PBXBuildFile; fileRef = 93A68C2E2982D04A004EB692 /* AlbumsCell.swift */; };
		93A68C312982D04A004EB692 /* AlbumsCell.xib in Resources */ = {isa = PBXBuildFile; fileRef = 93A68C2F2982D04A004EB692 /* AlbumsCell.xib */; };
/* End PBXBuildFile section */

/* Begin PBXFileReference section */
		23623C639D3A793F53C90E7E /* Pods-Easy Camera Makeup.release.xcconfig */ = {isa = PBXFileReference; includeInIndex = 1; lastKnownFileType = text.xcconfig; name = "Pods-Easy Camera Makeup.release.xcconfig"; path = "Target Support Files/Pods-Easy Camera Makeup/Pods-Easy Camera Makeup.release.xcconfig"; sourceTree = "<group>"; };
		93989DDE2980DBB5004BAA1C /* Easy Camera Makeup.app */ = {isa = PBXFileReference; explicitFileType = wrapper.application; includeInIndex = 0; path = "Easy Camera Makeup.app"; sourceTree = BUILT_PRODUCTS_DIR; };
		93989DE12980DBB5004BAA1C /* AppDelegate.swift */ = {isa = PBXFileReference; lastKnownFileType = sourcecode.swift; path = AppDelegate.swift; sourceTree = "<group>"; };
		93989DE32980DBB5004BAA1C /* SceneDelegate.swift */ = {isa = PBXFileReference; lastKnownFileType = sourcecode.swift; path = SceneDelegate.swift; sourceTree = "<group>"; };
		93989DE52980DBB5004BAA1C /* ViewController.swift */ = {isa = PBXFileReference; lastKnownFileType = sourcecode.swift; path = ViewController.swift; sourceTree = "<group>"; };
		93989DE82980DBB5004BAA1C /* Base */ = {isa = PBXFileReference; lastKnownFileType = file.storyboard; name = Base; path = Base.lproj/Main.storyboard; sourceTree = "<group>"; };
		93989DEA2980DBB6004BAA1C /* Assets.xcassets */ = {isa = PBXFileReference; lastKnownFileType = folder.assetcatalog; path = Assets.xcassets; sourceTree = "<group>"; };
		93989DED2980DBB6004BAA1C /* Base */ = {isa = PBXFileReference; lastKnownFileType = file.storyboard; name = Base; path = Base.lproj/LaunchScreen.storyboard; sourceTree = "<group>"; };
		93989DEF2980DBB6004BAA1C /* Info.plist */ = {isa = PBXFileReference; lastKnownFileType = text.plist.xml; path = Info.plist; sourceTree = "<group>"; };
		93989DFC29812186004BAA1C /* .swiflint.yml */ = {isa = PBXFileReference; lastKnownFileType = text.yaml; path = .swiflint.yml; sourceTree = "<group>"; };
		93A68B042982B956004EB692 /* UIApplication+Extension.swift */ = {isa = PBXFileReference; fileEncoding = 4; lastKnownFileType = sourcecode.swift; path = "UIApplication+Extension.swift"; sourceTree = "<group>"; };
		93A68B062982B956004EB692 /* RowDetailGeneric.swift */ = {isa = PBXFileReference; fileEncoding = 4; lastKnownFileType = sourcecode.swift; path = RowDetailGeneric.swift; sourceTree = "<group>"; };
		93A68B082982B956004EB692 /* UITapgesture+Extension.swift */ = {isa = PBXFileReference; fileEncoding = 4; lastKnownFileType = sourcecode.swift; path = "UITapgesture+Extension.swift"; sourceTree = "<group>"; };
		93A68B092982B956004EB692 /* UIWindow+Extension.swift */ = {isa = PBXFileReference; fileEncoding = 4; lastKnownFileType = sourcecode.swift; path = "UIWindow+Extension.swift"; sourceTree = "<group>"; };
		93A68B0A2982B956004EB692 /* UILableExtension.swift */ = {isa = PBXFileReference; fileEncoding = 4; lastKnownFileType = sourcecode.swift; path = UILableExtension.swift; sourceTree = "<group>"; };
		93A68B0C2982B956004EB692 /* UITextViewExtension.swift */ = {isa = PBXFileReference; fileEncoding = 4; lastKnownFileType = sourcecode.swift; path = UITextViewExtension.swift; sourceTree = "<group>"; };
		93A68B0D2982B956004EB692 /* NumberExtension.swift */ = {isa = PBXFileReference; fileEncoding = 4; lastKnownFileType = sourcecode.swift; path = NumberExtension.swift; sourceTree = "<group>"; };
		93A68B0E2982B956004EB692 /* ViewControllerExtension.swift */ = {isa = PBXFileReference; fileEncoding = 4; lastKnownFileType = sourcecode.swift; path = ViewControllerExtension.swift; sourceTree = "<group>"; };
		93A68B0F2982B956004EB692 /* Collection+Extension.swift */ = {isa = PBXFileReference; fileEncoding = 4; lastKnownFileType = sourcecode.swift; path = "Collection+Extension.swift"; sourceTree = "<group>"; };
		93A68B112982B956004EB692 /* UIColor+Extensions.swift */ = {isa = PBXFileReference; fileEncoding = 4; lastKnownFileType = sourcecode.swift; path = "UIColor+Extensions.swift"; sourceTree = "<group>"; };
		93A68B122982B956004EB692 /* CustomButton.swift */ = {isa = PBXFileReference; fileEncoding = 4; lastKnownFileType = sourcecode.swift; path = CustomButton.swift; sourceTree = "<group>"; };
		93A68B132982B956004EB692 /* CustomSegment.swift */ = {isa = PBXFileReference; fileEncoding = 4; lastKnownFileType = sourcecode.swift; path = CustomSegment.swift; sourceTree = "<group>"; };
		93A68B152982B956004EB692 /* DecimalNumber+Extension.swift */ = {isa = PBXFileReference; fileEncoding = 4; lastKnownFileType = sourcecode.swift; path = "DecimalNumber+Extension.swift"; sourceTree = "<group>"; };
		93A68B162982B956004EB692 /* ArrayExxtension.swift */ = {isa = PBXFileReference; fileEncoding = 4; lastKnownFileType = sourcecode.swift; path = ArrayExxtension.swift; sourceTree = "<group>"; };
		93A68B182982B956004EB692 /* UITextField_Extension.swift */ = {isa = PBXFileReference; fileEncoding = 4; lastKnownFileType = sourcecode.swift; path = UITextField_Extension.swift; sourceTree = "<group>"; };
		93A68B192982B956004EB692 /* String+Extension.swift */ = {isa = PBXFileReference; fileEncoding = 4; lastKnownFileType = sourcecode.swift; path = "String+Extension.swift"; sourceTree = "<group>"; };
		93A68B1C2982B956004EB692 /* UIAllertVC+Extension.swift */ = {isa = PBXFileReference; fileEncoding = 4; lastKnownFileType = sourcecode.swift; path = "UIAllertVC+Extension.swift"; sourceTree = "<group>"; };
		93A68B1D2982B956004EB692 /* Font+Extension.swift */ = {isa = PBXFileReference; fileEncoding = 4; lastKnownFileType = sourcecode.swift; path = "Font+Extension.swift"; sourceTree = "<group>"; };
		93A68B1E2982B956004EB692 /* UIViewController+Rx.swift */ = {isa = PBXFileReference; fileEncoding = 4; lastKnownFileType = sourcecode.swift; path = "UIViewController+Rx.swift"; sourceTree = "<group>"; };
		93A68B1F2982B956004EB692 /* ReadMoreTextViewExtension.swift */ = {isa = PBXFileReference; fileEncoding = 4; lastKnownFileType = sourcecode.swift; path = ReadMoreTextViewExtension.swift; sourceTree = "<group>"; };
		93A68B202982B956004EB692 /* StringExtension.swift */ = {isa = PBXFileReference; fileEncoding = 4; lastKnownFileType = sourcecode.swift; path = StringExtension.swift; sourceTree = "<group>"; };
		93A68B212982B956004EB692 /* CodableExtension.swift */ = {isa = PBXFileReference; fileEncoding = 4; lastKnownFileType = sourcecode.swift; path = CodableExtension.swift; sourceTree = "<group>"; };
		93A68B222982B956004EB692 /* Encode+Extension.swift */ = {isa = PBXFileReference; fileEncoding = 4; lastKnownFileType = sourcecode.swift; path = "Encode+Extension.swift"; sourceTree = "<group>"; };
		93A68B242982B956004EB692 /* PushNotificationHandler.swift */ = {isa = PBXFileReference; fileEncoding = 4; lastKnownFileType = sourcecode.swift; path = PushNotificationHandler.swift; sourceTree = "<group>"; };
		93A68B252982B956004EB692 /* ProductViewModel.swift */ = {isa = PBXFileReference; fileEncoding = 4; lastKnownFileType = sourcecode.swift; path = ProductViewModel.swift; sourceTree = "<group>"; };
		93A68B262982B956004EB692 /* LabelExtension.swift */ = {isa = PBXFileReference; fileEncoding = 4; lastKnownFileType = sourcecode.swift; path = LabelExtension.swift; sourceTree = "<group>"; };
		93A68B272982B956004EB692 /* DateExtension.swift */ = {isa = PBXFileReference; fileEncoding = 4; lastKnownFileType = sourcecode.swift; path = DateExtension.swift; sourceTree = "<group>"; };
		93A68B4C2982B972004EB692 /* KeyboardInfo.swift */ = {isa = PBXFileReference; fileEncoding = 4; lastKnownFileType = sourcecode.swift; path = KeyboardInfo.swift; sourceTree = "<group>"; };
		93A68B4F2982B9A7004EB692 /* BaseViewController.swift */ = {isa = PBXFileReference; lastKnownFileType = sourcecode.swift; path = BaseViewController.swift; sourceTree = "<group>"; };
		93A68B512982BAAA004EB692 /* TabbarVC.swift */ = {isa = PBXFileReference; lastKnownFileType = sourcecode.swift; path = TabbarVC.swift; sourceTree = "<group>"; };
		93A68B542982BB4A004EB692 /* UIFont+Extension.swift */ = {isa = PBXFileReference; fileEncoding = 4; lastKnownFileType = sourcecode.swift; path = "UIFont+Extension.swift"; sourceTree = "<group>"; };
		93A68B552982BB4A004EB692 /* SettingDefaultFont.swift */ = {isa = PBXFileReference; fileEncoding = 4; lastKnownFileType = sourcecode.swift; path = SettingDefaultFont.swift; sourceTree = "<group>"; };
		93A68B5A2982BD9F004EB692 /* AlbumsVC.xib */ = {isa = PBXFileReference; lastKnownFileType = file.xib; path = AlbumsVC.xib; sourceTree = "<group>"; };
		93A68B5B2982BD9F004EB692 /* AlbumsVM.swift */ = {isa = PBXFileReference; lastKnownFileType = sourcecode.swift; path = AlbumsVM.swift; sourceTree = "<group>"; };
		93A68B5C2982BD9F004EB692 /* AlbumsVC.swift */ = {isa = PBXFileReference; lastKnownFileType = sourcecode.swift; path = AlbumsVC.swift; sourceTree = "<group>"; };
		93A68B612982BEC2004EB692 /* ManageCameraMakeUp.swift */ = {isa = PBXFileReference; lastKnownFileType = sourcecode.swift; path = ManageCameraMakeUp.swift; sourceTree = "<group>"; };
		93A68B742982CBBC004EB692 /* SetUpBase.swift */ = {isa = PBXFileReference; fileEncoding = 4; lastKnownFileType = sourcecode.swift; path = SetUpBase.swift; sourceTree = "<group>"; };
		93A68B782982CBBD004EB692 /* BaseModelReponseSuccess.swift */ = {isa = PBXFileReference; fileEncoding = 4; lastKnownFileType = sourcecode.swift; path = BaseModelReponseSuccess.swift; sourceTree = "<group>"; };
		93A68B7E2982CC5E004EB692 /* StickerView.swift */ = {isa = PBXFileReference; fileEncoding = 4; lastKnownFileType = sourcecode.swift; path = StickerView.swift; sourceTree = "<group>"; };
		93A68B802982CC5E004EB692 /* BottomPopupUtils.swift */ = {isa = PBXFileReference; fileEncoding = 4; lastKnownFileType = sourcecode.swift; path = BottomPopupUtils.swift; sourceTree = "<group>"; };
		93A68B812982CC5E004EB692 /* BottomPopupViewController.swift */ = {isa = PBXFileReference; fileEncoding = 4; lastKnownFileType = sourcecode.swift; path = BottomPopupViewController.swift; sourceTree = "<group>"; };
		93A68B822982CC5E004EB692 /* BottomPopupDismissInteractionController.swift */ = {isa = PBXFileReference; fileEncoding = 4; lastKnownFileType = sourcecode.swift; path = BottomPopupDismissInteractionController.swift; sourceTree = "<group>"; };
		93A68B832982CC5E004EB692 /* BottomPopupNavigationController.swift */ = {isa = PBXFileReference; fileEncoding = 4; lastKnownFileType = sourcecode.swift; path = BottomPopupNavigationController.swift; sourceTree = "<group>"; };
		93A68B842982CC5E004EB692 /* BottomPopupDismissAnimator.swift */ = {isa = PBXFileReference; fileEncoding = 4; lastKnownFileType = sourcecode.swift; path = BottomPopupDismissAnimator.swift; sourceTree = "<group>"; };
		93A68B852982CC5E004EB692 /* BottomPopupPresentAnimator.swift */ = {isa = PBXFileReference; fileEncoding = 4; lastKnownFileType = sourcecode.swift; path = BottomPopupPresentAnimator.swift; sourceTree = "<group>"; };
		93A68B862982CC5E004EB692 /* BottomPopupTransitionHandler.swift */ = {isa = PBXFileReference; fileEncoding = 4; lastKnownFileType = sourcecode.swift; path = BottomPopupTransitionHandler.swift; sourceTree = "<group>"; };
		93A68B872982CC5E004EB692 /* BottomPopupPresentationController.swift */ = {isa = PBXFileReference; fileEncoding = 4; lastKnownFileType = sourcecode.swift; path = BottomPopupPresentationController.swift; sourceTree = "<group>"; };
		93A68B8A2982CC5E004EB692 /* UICollectionView+Reusable.swift */ = {isa = PBXFileReference; fileEncoding = 4; lastKnownFileType = sourcecode.swift; path = "UICollectionView+Reusable.swift"; sourceTree = "<group>"; };
		93A68B8B2982CC5E004EB692 /* UITableViewExtensions.swift */ = {isa = PBXFileReference; fileEncoding = 4; lastKnownFileType = sourcecode.swift; path = UITableViewExtensions.swift; sourceTree = "<group>"; };
		93A68B8F2982CC5E004EB692 /* UICollectionView+Utilities.swift */ = {isa = PBXFileReference; fileEncoding = 4; lastKnownFileType = sourcecode.swift; path = "UICollectionView+Utilities.swift"; sourceTree = "<group>"; };
		93A68B902982CC5E004EB692 /* UICollectionViewExtensions.swift */ = {isa = PBXFileReference; fileEncoding = 4; lastKnownFileType = sourcecode.swift; path = UICollectionViewExtensions.swift; sourceTree = "<group>"; };
		93A68B912982CC5E004EB692 /* UIImage+Extension.swift */ = {isa = PBXFileReference; fileEncoding = 4; lastKnownFileType = sourcecode.swift; path = "UIImage+Extension.swift"; sourceTree = "<group>"; };
		93A68B922982CC5E004EB692 /* UINavigationController+Extension.swift */ = {isa = PBXFileReference; fileEncoding = 4; lastKnownFileType = sourcecode.swift; path = "UINavigationController+Extension.swift"; sourceTree = "<group>"; };
		93A68B932982CC5E004EB692 /* Reusable.swift */ = {isa = PBXFileReference; fileEncoding = 4; lastKnownFileType = sourcecode.swift; path = Reusable.swift; sourceTree = "<group>"; };
		93A68B942982CC5E004EB692 /* URL+Extension.swift */ = {isa = PBXFileReference; fileEncoding = 4; lastKnownFileType = sourcecode.swift; path = "URL+Extension.swift"; sourceTree = "<group>"; };
		93A68B952982CC5E004EB692 /* GiiftImage+Extension.swift */ = {isa = PBXFileReference; fileEncoding = 4; lastKnownFileType = sourcecode.swift; path = "GiiftImage+Extension.swift"; sourceTree = "<group>"; };
		93A68B962982CC5E004EB692 /* UINavigationControllerExtensions.swift */ = {isa = PBXFileReference; fileEncoding = 4; lastKnownFileType = sourcecode.swift; path = UINavigationControllerExtensions.swift; sourceTree = "<group>"; };
		93A68B992982CC5E004EB692 /* DoubleExtension.swift */ = {isa = PBXFileReference; fileEncoding = 4; lastKnownFileType = sourcecode.swift; path = DoubleExtension.swift; sourceTree = "<group>"; };
		93A68B9A2982CC5E004EB692 /* TableViewExtension.swift */ = {isa = PBXFileReference; fileEncoding = 4; lastKnownFileType = sourcecode.swift; path = TableViewExtension.swift; sourceTree = "<group>"; };
		93A68B9B2982CC5E004EB692 /* NibLoadable.swift */ = {isa = PBXFileReference; fileEncoding = 4; lastKnownFileType = sourcecode.swift; path = NibLoadable.swift; sourceTree = "<group>"; };
		93A68B9D2982CC5E004EB692 /* Array+Extension.swift */ = {isa = PBXFileReference; fileEncoding = 4; lastKnownFileType = sourcecode.swift; path = "Array+Extension.swift"; sourceTree = "<group>"; };
		93A68BA82982CC5E004EB692 /* UIActivityExtensions.swift */ = {isa = PBXFileReference; fileEncoding = 4; lastKnownFileType = sourcecode.swift; path = UIActivityExtensions.swift; sourceTree = "<group>"; };
		93A68BAA2982CC5E004EB692 /* UIViewControllerExtensions.swift */ = {isa = PBXFileReference; fileEncoding = 4; lastKnownFileType = sourcecode.swift; path = UIViewControllerExtensions.swift; sourceTree = "<group>"; };
		93A68BB12982CC5E004EB692 /* ViewExtension.swift */ = {isa = PBXFileReference; fileEncoding = 4; lastKnownFileType = sourcecode.swift; path = ViewExtension.swift; sourceTree = "<group>"; };
		93A68BC42982CC5E004EB692 /* CALayerExtension.swift */ = {isa = PBXFileReference; fileEncoding = 4; lastKnownFileType = sourcecode.swift; path = CALayerExtension.swift; sourceTree = "<group>"; };
		93A68BC62982CC5E004EB692 /* PropertyWapper.swift */ = {isa = PBXFileReference; fileEncoding = 4; lastKnownFileType = sourcecode.swift; path = PropertyWapper.swift; sourceTree = "<group>"; };
		93A68BD92982CC5E004EB692 /* Obserable+Extension.swift */ = {isa = PBXFileReference; fileEncoding = 4; lastKnownFileType = sourcecode.swift; path = "Obserable+Extension.swift"; sourceTree = "<group>"; };
		93A68BDB2982CC5E004EB692 /* Toucan.swift */ = {isa = PBXFileReference; fileEncoding = 4; lastKnownFileType = sourcecode.swift; path = Toucan.swift; sourceTree = "<group>"; };
		93A68BDC2982CC5E004EB692 /* UIImage+Tint.h */ = {isa = PBXFileReference; fileEncoding = 4; lastKnownFileType = sourcecode.c.h; path = "UIImage+Tint.h"; sourceTree = "<group>"; };
		93A68BDD2982CC5E004EB692 /* UIImage+ImageCompress.m */ = {isa = PBXFileReference; fileEncoding = 4; lastKnownFileType = sourcecode.c.objc; path = "UIImage+ImageCompress.m"; sourceTree = "<group>"; };
		93A68BDE2982CC5E004EB692 /* UIImage+ProportionalFill.h */ = {isa = PBXFileReference; fileEncoding = 4; lastKnownFileType = sourcecode.c.h; path = "UIImage+ProportionalFill.h"; sourceTree = "<group>"; };
		93A68BDF2982CC5E004EB692 /* UIImage+Tint.m */ = {isa = PBXFileReference; fileEncoding = 4; lastKnownFileType = sourcecode.c.objc; path = "UIImage+Tint.m"; sourceTree = "<group>"; };
		93A68BE02982CC5E004EB692 /* UIImage+ImageCompress.h */ = {isa = PBXFileReference; fileEncoding = 4; lastKnownFileType = sourcecode.c.h; path = "UIImage+ImageCompress.h"; sourceTree = "<group>"; };
		93A68BE12982CC5E004EB692 /* UIImage+ProportionalFill.m */ = {isa = PBXFileReference; fileEncoding = 4; lastKnownFileType = sourcecode.c.objc; path = "UIImage+ProportionalFill.m"; sourceTree = "<group>"; };
		93A68C2E2982D04A004EB692 /* AlbumsCell.swift */ = {isa = PBXFileReference; lastKnownFileType = sourcecode.swift; path = AlbumsCell.swift; sourceTree = "<group>"; };
		93A68C2F2982D04A004EB692 /* AlbumsCell.xib */ = {isa = PBXFileReference; lastKnownFileType = file.xib; path = AlbumsCell.xib; sourceTree = "<group>"; };
		999FB3D2B793C55A9D91078E /* Pods-Easy Camera Makeup.debug.xcconfig */ = {isa = PBXFileReference; includeInIndex = 1; lastKnownFileType = text.xcconfig; name = "Pods-Easy Camera Makeup.debug.xcconfig"; path = "Target Support Files/Pods-Easy Camera Makeup/Pods-Easy Camera Makeup.debug.xcconfig"; sourceTree = "<group>"; };
		C537E7AF97EA0A72635CB954 /* Pods_Easy_Camera_Makeup.framework */ = {isa = PBXFileReference; explicitFileType = wrapper.framework; includeInIndex = 0; path = Pods_Easy_Camera_Makeup.framework; sourceTree = BUILT_PRODUCTS_DIR; };
/* End PBXFileReference section */

/* Begin PBXFrameworksBuildPhase section */
		93989DDB2980DBB5004BAA1C /* Frameworks */ = {
			isa = PBXFrameworksBuildPhase;
			buildActionMask = 2147483647;
			files = (
				7797D63F4391E9AECE405DFE /* Pods_Easy_Camera_Makeup.framework in Frameworks */,
			);
			runOnlyForDeploymentPostprocessing = 0;
		};
/* End PBXFrameworksBuildPhase section */

/* Begin PBXGroup section */
		93989DD52980DBB5004BAA1C = {
			isa = PBXGroup;
			children = (
				93989DFC29812186004BAA1C /* .swiflint.yml */,
				93989DE02980DBB5004BAA1C /* Easy Camera Makeup */,
				93989DDF2980DBB5004BAA1C /* Products */,
				C3E8D72AAB81A5D9575EC908 /* Pods */,
				EAA310C3AE550EC70BB4B9FB /* Frameworks */,
			);
			sourceTree = "<group>";
		};
		93989DDF2980DBB5004BAA1C /* Products */ = {
			isa = PBXGroup;
			children = (
				93989DDE2980DBB5004BAA1C /* Easy Camera Makeup.app */,
			);
			name = Products;
			sourceTree = "<group>";
		};
		93989DE02980DBB5004BAA1C /* Easy Camera Makeup */ = {
			isa = PBXGroup;
			children = (
				93A68B4B2982B972004EB692 /* Helper */,
				93A68B032982B956004EB692 /* Library */,
				93A68B4E2982B98C004EB692 /* ManageApp */,
				93A68B582982BCCC004EB692 /* Modules */,
				93989DE12980DBB5004BAA1C /* AppDelegate.swift */,
				93989DE32980DBB5004BAA1C /* SceneDelegate.swift */,
				93989DE52980DBB5004BAA1C /* ViewController.swift */,
				93989DE72980DBB5004BAA1C /* Main.storyboard */,
				93989DEA2980DBB6004BAA1C /* Assets.xcassets */,
				93989DEC2980DBB6004BAA1C /* LaunchScreen.storyboard */,
				93989DEF2980DBB6004BAA1C /* Info.plist */,
			);
			path = "Easy Camera Makeup";
			sourceTree = "<group>";
		};
		93A68B022982B91A004EB692 /* Tabbar */ = {
			isa = PBXGroup;
			children = (
				93A68B512982BAAA004EB692 /* TabbarVC.swift */,
			);
			path = Tabbar;
			sourceTree = "<group>";
		};
		93A68B032982B956004EB692 /* Library */ = {
			isa = PBXGroup;
			children = (
				93A68B7C2982CC5E004EB692 /* Library */,
				93A68B042982B956004EB692 /* UIApplication+Extension.swift */,
				93A68B062982B956004EB692 /* RowDetailGeneric.swift */,
				93A68B082982B956004EB692 /* UITapgesture+Extension.swift */,
				93A68B092982B956004EB692 /* UIWindow+Extension.swift */,
				93A68B0A2982B956004EB692 /* UILableExtension.swift */,
				93A68B0C2982B956004EB692 /* UITextViewExtension.swift */,
				93A68B0D2982B956004EB692 /* NumberExtension.swift */,
				93A68B0E2982B956004EB692 /* ViewControllerExtension.swift */,
				93A68B0F2982B956004EB692 /* Collection+Extension.swift */,
				93A68B112982B956004EB692 /* UIColor+Extensions.swift */,
				93A68B122982B956004EB692 /* CustomButton.swift */,
				93A68B132982B956004EB692 /* CustomSegment.swift */,
				93A68B152982B956004EB692 /* DecimalNumber+Extension.swift */,
				93A68B162982B956004EB692 /* ArrayExxtension.swift */,
				93A68B182982B956004EB692 /* UITextField_Extension.swift */,
				93A68B192982B956004EB692 /* String+Extension.swift */,
				93A68B1C2982B956004EB692 /* UIAllertVC+Extension.swift */,
				93A68B1D2982B956004EB692 /* Font+Extension.swift */,
				93A68B1E2982B956004EB692 /* UIViewController+Rx.swift */,
				93A68B1F2982B956004EB692 /* ReadMoreTextViewExtension.swift */,
				93A68B202982B956004EB692 /* StringExtension.swift */,
				93A68B212982B956004EB692 /* CodableExtension.swift */,
				93A68B222982B956004EB692 /* Encode+Extension.swift */,
				93A68B232982B956004EB692 /* PushNotification */,
				93A68B262982B956004EB692 /* LabelExtension.swift */,
				93A68B272982B956004EB692 /* DateExtension.swift */,
			);
			path = Library;
			sourceTree = "<group>";
		};
		93A68B232982B956004EB692 /* PushNotification */ = {
			isa = PBXGroup;
			children = (
				93A68B242982B956004EB692 /* PushNotificationHandler.swift */,
				93A68B252982B956004EB692 /* ProductViewModel.swift */,
			);
			path = PushNotification;
			sourceTree = "<group>";
		};
		93A68B4B2982B972004EB692 /* Helper */ = {
			isa = PBXGroup;
			children = (
				93A68B4C2982B972004EB692 /* KeyboardInfo.swift */,
			);
			path = Helper;
			sourceTree = "<group>";
		};
		93A68B4E2982B98C004EB692 /* ManageApp */ = {
			isa = PBXGroup;
			children = (
				93A68B722982CBBC004EB692 /* Protocol */,
				93A68B602982BEA4004EB692 /* Manage */,
				93A68B532982BB4A004EB692 /* DefaultFont */,
				93A68B4F2982B9A7004EB692 /* BaseViewController.swift */,
			);
			path = ManageApp;
			sourceTree = "<group>";
		};
		93A68B532982BB4A004EB692 /* DefaultFont */ = {
			isa = PBXGroup;
			children = (
				93A68B542982BB4A004EB692 /* UIFont+Extension.swift */,
				93A68B552982BB4A004EB692 /* SettingDefaultFont.swift */,
			);
			path = DefaultFont;
			sourceTree = "<group>";
		};
		93A68B582982BCCC004EB692 /* Modules */ = {
			isa = PBXGroup;
			children = (
				93A68B592982BCDD004EB692 /* Albums */,
				93A68B022982B91A004EB692 /* Tabbar */,
			);
			path = Modules;
			sourceTree = "<group>";
		};
		93A68B592982BCDD004EB692 /* Albums */ = {
			isa = PBXGroup;
			children = (
				93A68B632982C9F9004EB692 /* Cell */,
				93A68B5A2982BD9F004EB692 /* AlbumsVC.xib */,
				93A68B5B2982BD9F004EB692 /* AlbumsVM.swift */,
				93A68B5C2982BD9F004EB692 /* AlbumsVC.swift */,
			);
			path = Albums;
			sourceTree = "<group>";
		};
		93A68B602982BEA4004EB692 /* Manage */ = {
			isa = PBXGroup;
			children = (
				93A68B612982BEC2004EB692 /* ManageCameraMakeUp.swift */,
			);
			path = Manage;
			sourceTree = "<group>";
		};
		93A68B632982C9F9004EB692 /* Cell */ = {
			isa = PBXGroup;
			children = (
				93A68C2E2982D04A004EB692 /* AlbumsCell.swift */,
				93A68C2F2982D04A004EB692 /* AlbumsCell.xib */,
			);
			path = Cell;
			sourceTree = "<group>";
		};
		93A68B722982CBBC004EB692 /* Protocol */ = {
			isa = PBXGroup;
			children = (
				93A68B732982CBBC004EB692 /* SetupCommon */,
				93A68B772982CBBD004EB692 /* BaseModelReponseSuccess */,
			);
			path = Protocol;
			sourceTree = "<group>";
		};
		93A68B732982CBBC004EB692 /* SetupCommon */ = {
			isa = PBXGroup;
			children = (
				93A68B742982CBBC004EB692 /* SetUpBase.swift */,
			);
			path = SetupCommon;
			sourceTree = "<group>";
		};
		93A68B772982CBBD004EB692 /* BaseModelReponseSuccess */ = {
			isa = PBXGroup;
			children = (
				93A68B782982CBBD004EB692 /* BaseModelReponseSuccess.swift */,
			);
			path = BaseModelReponseSuccess;
			sourceTree = "<group>";
		};
		93A68B7C2982CC5E004EB692 /* Library */ = {
			isa = PBXGroup;
			children = (
				93A68B7D2982CC5E004EB692 /* StickerView */,
				93A68B7F2982CC5E004EB692 /* BottomPopupController */,
				93A68B882982CC5E004EB692 /* Extension */,
				93A68BA72982CC5E004EB692 /* Activity */,
				93A68BA92982CC5E004EB692 /* UIKit */,
				93A68BB02982CC5E004EB692 /* View */,
				93A68BC32982CC5E004EB692 /* CALayer */,
				93A68BC52982CC5E004EB692 /* PropertyWrapper */,
				93A68BD82982CC5E004EB692 /* RxObserable */,
				93A68BDA2982CC5E004EB692 /* ResizeImage */,
			);
			path = Library;
			sourceTree = "<group>";
		};
		93A68B7D2982CC5E004EB692 /* StickerView */ = {
			isa = PBXGroup;
			children = (
				93A68B7E2982CC5E004EB692 /* StickerView.swift */,
			);
			path = StickerView;
			sourceTree = "<group>";
		};
		93A68B7F2982CC5E004EB692 /* BottomPopupController */ = {
			isa = PBXGroup;
			children = (
				93A68B802982CC5E004EB692 /* BottomPopupUtils.swift */,
				93A68B812982CC5E004EB692 /* BottomPopupViewController.swift */,
				93A68B822982CC5E004EB692 /* BottomPopupDismissInteractionController.swift */,
				93A68B832982CC5E004EB692 /* BottomPopupNavigationController.swift */,
				93A68B842982CC5E004EB692 /* BottomPopupDismissAnimator.swift */,
				93A68B852982CC5E004EB692 /* BottomPopupPresentAnimator.swift */,
				93A68B862982CC5E004EB692 /* BottomPopupTransitionHandler.swift */,
				93A68B872982CC5E004EB692 /* BottomPopupPresentationController.swift */,
			);
			path = BottomPopupController;
			sourceTree = "<group>";
		};
		93A68B882982CC5E004EB692 /* Extension */ = {
			isa = PBXGroup;
			children = (
				93A68B8A2982CC5E004EB692 /* UICollectionView+Reusable.swift */,
				93A68B8B2982CC5E004EB692 /* UITableViewExtensions.swift */,
				93A68B8F2982CC5E004EB692 /* UICollectionView+Utilities.swift */,
				93A68B902982CC5E004EB692 /* UICollectionViewExtensions.swift */,
				93A68B912982CC5E004EB692 /* UIImage+Extension.swift */,
				93A68B922982CC5E004EB692 /* UINavigationController+Extension.swift */,
				93A68B932982CC5E004EB692 /* Reusable.swift */,
				93A68B942982CC5E004EB692 /* URL+Extension.swift */,
				93A68B952982CC5E004EB692 /* GiiftImage+Extension.swift */,
				93A68B962982CC5E004EB692 /* UINavigationControllerExtensions.swift */,
				93A68B992982CC5E004EB692 /* DoubleExtension.swift */,
				93A68B9A2982CC5E004EB692 /* TableViewExtension.swift */,
				93A68B9B2982CC5E004EB692 /* NibLoadable.swift */,
				93A68B9D2982CC5E004EB692 /* Array+Extension.swift */,
			);
			path = Extension;
			sourceTree = "<group>";
		};
		93A68BA72982CC5E004EB692 /* Activity */ = {
			isa = PBXGroup;
			children = (
				93A68BA82982CC5E004EB692 /* UIActivityExtensions.swift */,
			);
			path = Activity;
			sourceTree = "<group>";
		};
		93A68BA92982CC5E004EB692 /* UIKit */ = {
			isa = PBXGroup;
			children = (
				93A68BAA2982CC5E004EB692 /* UIViewControllerExtensions.swift */,
			);
			path = UIKit;
			sourceTree = "<group>";
		};
		93A68BB02982CC5E004EB692 /* View */ = {
			isa = PBXGroup;
			children = (
				93A68BB12982CC5E004EB692 /* ViewExtension.swift */,
			);
			path = View;
			sourceTree = "<group>";
		};
		93A68BC32982CC5E004EB692 /* CALayer */ = {
			isa = PBXGroup;
			children = (
				93A68BC42982CC5E004EB692 /* CALayerExtension.swift */,
			);
			path = CALayer;
			sourceTree = "<group>";
		};
		93A68BC52982CC5E004EB692 /* PropertyWrapper */ = {
			isa = PBXGroup;
			children = (
				93A68BC62982CC5E004EB692 /* PropertyWapper.swift */,
			);
			path = PropertyWrapper;
			sourceTree = "<group>";
		};
		93A68BD82982CC5E004EB692 /* RxObserable */ = {
			isa = PBXGroup;
			children = (
				93A68BD92982CC5E004EB692 /* Obserable+Extension.swift */,
			);
			path = RxObserable;
			sourceTree = "<group>";
		};
		93A68BDA2982CC5E004EB692 /* ResizeImage */ = {
			isa = PBXGroup;
			children = (
				93A68BDB2982CC5E004EB692 /* Toucan.swift */,
				93A68BDC2982CC5E004EB692 /* UIImage+Tint.h */,
				93A68BDD2982CC5E004EB692 /* UIImage+ImageCompress.m */,
				93A68BDE2982CC5E004EB692 /* UIImage+ProportionalFill.h */,
				93A68BDF2982CC5E004EB692 /* UIImage+Tint.m */,
				93A68BE02982CC5E004EB692 /* UIImage+ImageCompress.h */,
				93A68BE12982CC5E004EB692 /* UIImage+ProportionalFill.m */,
			);
			path = ResizeImage;
			sourceTree = "<group>";
		};
		C3E8D72AAB81A5D9575EC908 /* Pods */ = {
			isa = PBXGroup;
			children = (
				999FB3D2B793C55A9D91078E /* Pods-Easy Camera Makeup.debug.xcconfig */,
				23623C639D3A793F53C90E7E /* Pods-Easy Camera Makeup.release.xcconfig */,
			);
			path = Pods;
			sourceTree = "<group>";
		};
		EAA310C3AE550EC70BB4B9FB /* Frameworks */ = {
			isa = PBXGroup;
			children = (
				C537E7AF97EA0A72635CB954 /* Pods_Easy_Camera_Makeup.framework */,
			);
			name = Frameworks;
			sourceTree = "<group>";
		};
/* End PBXGroup section */

/* Begin PBXNativeTarget section */
		93989DDD2980DBB5004BAA1C /* Easy Camera Makeup */ = {
			isa = PBXNativeTarget;
			buildConfigurationList = 93989DF22980DBB6004BAA1C /* Build configuration list for PBXNativeTarget "Easy Camera Makeup" */;
			buildPhases = (
				E994842D914541456925DD44 /* [CP] Check Pods Manifest.lock */,
				93989DDA2980DBB5004BAA1C /* Sources */,
				93989DDB2980DBB5004BAA1C /* Frameworks */,
				93989DDC2980DBB5004BAA1C /* Resources */,
				93989DF72981170C004BAA1C /* SwiftLint */,
				0D4B7942183C147A4E838CA3 /* [CP] Embed Pods Frameworks */,
			);
			buildRules = (
			);
			dependencies = (
			);
			name = "Easy Camera Makeup";
			productName = "Easy Camera Makeup";
			productReference = 93989DDE2980DBB5004BAA1C /* Easy Camera Makeup.app */;
			productType = "com.apple.product-type.application";
		};
/* End PBXNativeTarget section */

/* Begin PBXProject section */
		93989DD62980DBB5004BAA1C /* Project object */ = {
			isa = PBXProject;
			attributes = {
				BuildIndependentTargetsInParallel = 1;
				LastSwiftUpdateCheck = 1340;
				LastUpgradeCheck = 1340;
				TargetAttributes = {
					93989DDD2980DBB5004BAA1C = {
						CreatedOnToolsVersion = 13.4.1;
					};
				};
			};
			buildConfigurationList = 93989DD92980DBB5004BAA1C /* Build configuration list for PBXProject "Easy Camera Makeup" */;
			compatibilityVersion = "Xcode 13.0";
			developmentRegion = en;
			hasScannedForEncodings = 0;
			knownRegions = (
				en,
				Base,
			);
			mainGroup = 93989DD52980DBB5004BAA1C;
			productRefGroup = 93989DDF2980DBB5004BAA1C /* Products */;
			projectDirPath = "";
			projectRoot = "";
			targets = (
				93989DDD2980DBB5004BAA1C /* Easy Camera Makeup */,
			);
		};
/* End PBXProject section */

/* Begin PBXResourcesBuildPhase section */
		93989DDC2980DBB5004BAA1C /* Resources */ = {
			isa = PBXResourcesBuildPhase;
			buildActionMask = 2147483647;
			files = (
				93989DEE2980DBB6004BAA1C /* LaunchScreen.storyboard in Resources */,
				93989DEB2980DBB6004BAA1C /* Assets.xcassets in Resources */,
				93989DE92980DBB5004BAA1C /* Main.storyboard in Resources */,
				93A68C312982D04A004EB692 /* AlbumsCell.xib in Resources */,
				93A68B5D2982BD9F004EB692 /* AlbumsVC.xib in Resources */,
				93989DFD29812186004BAA1C /* .swiflint.yml in Resources */,
			);
			runOnlyForDeploymentPostprocessing = 0;
		};
/* End PBXResourcesBuildPhase section */

/* Begin PBXShellScriptBuildPhase section */
		0D4B7942183C147A4E838CA3 /* [CP] Embed Pods Frameworks */ = {
			isa = PBXShellScriptBuildPhase;
			buildActionMask = 2147483647;
			files = (
			);
			inputFileListPaths = (
				"${PODS_ROOT}/Target Support Files/Pods-Easy Camera Makeup/Pods-Easy Camera Makeup-frameworks-${CONFIGURATION}-input-files.xcfilelist",
			);
			name = "[CP] Embed Pods Frameworks";
			outputFileListPaths = (
				"${PODS_ROOT}/Target Support Files/Pods-Easy Camera Makeup/Pods-Easy Camera Makeup-frameworks-${CONFIGURATION}-output-files.xcfilelist",
			);
			runOnlyForDeploymentPostprocessing = 0;
			shellPath = /bin/sh;
			shellScript = "\"${PODS_ROOT}/Target Support Files/Pods-Easy Camera Makeup/Pods-Easy Camera Makeup-frameworks.sh\"\n";
			showEnvVarsInLog = 0;
		};
		93989DF72981170C004BAA1C /* SwiftLint */ = {
			isa = PBXShellScriptBuildPhase;
			buildActionMask = 2147483647;
			files = (
			);
			inputFileListPaths = (
			);
			inputPaths = (
			);
			name = SwiftLint;
			outputFileListPaths = (
			);
			outputPaths = (
			);
			runOnlyForDeploymentPostprocessing = 0;
			shellPath = /bin/sh;
			shellScript = "# Type a script or drag a script file from your workspace to insert its path.\n${PODS_ROOT}/SwiftLint/swiftlint --config .swiflint.yml\nif which swiftlint >/dev/null; then\n  swiftlint\nelse\n  echo \"warning: SwiftLint not installed, download from https://github.com/realm/SwiftLint\"\nfi\n";
		};
		E994842D914541456925DD44 /* [CP] Check Pods Manifest.lock */ = {
			isa = PBXShellScriptBuildPhase;
			buildActionMask = 2147483647;
			files = (
			);
			inputFileListPaths = (
			);
			inputPaths = (
				"${PODS_PODFILE_DIR_PATH}/Podfile.lock",
				"${PODS_ROOT}/Manifest.lock",
			);
			name = "[CP] Check Pods Manifest.lock";
			outputFileListPaths = (
			);
			outputPaths = (
				"$(DERIVED_FILE_DIR)/Pods-Easy Camera Makeup-checkManifestLockResult.txt",
			);
			runOnlyForDeploymentPostprocessing = 0;
			shellPath = /bin/sh;
			shellScript = "diff \"${PODS_PODFILE_DIR_PATH}/Podfile.lock\" \"${PODS_ROOT}/Manifest.lock\" > /dev/null\nif [ $? != 0 ] ; then\n    # print error to STDERR\n    echo \"error: The sandbox is not in sync with the Podfile.lock. Run 'pod install' or update your CocoaPods installation.\" >&2\n    exit 1\nfi\n# This output is used by Xcode 'outputs' to avoid re-running this script phase.\necho \"SUCCESS\" > \"${SCRIPT_OUTPUT_FILE_0}\"\n";
			showEnvVarsInLog = 0;
		};
/* End PBXShellScriptBuildPhase section */

/* Begin PBXSourcesBuildPhase section */
		93989DDA2980DBB5004BAA1C /* Sources */ = {
			isa = PBXSourcesBuildPhase;
			buildActionMask = 2147483647;
			files = (
				93A68BF52982CC5E004EB692 /* Reusable.swift in Sources */,
				93A68B562982BB4A004EB692 /* UIFont+Extension.swift in Sources */,
				93A68B372982B957004EB692 /* CustomSegment.swift in Sources */,
				93A68B2C2982B957004EB692 /* UITapgesture+Extension.swift in Sources */,
				93A68B362982B957004EB692 /* CustomButton.swift in Sources */,
				93A68BE22982CC5E004EB692 /* StickerView.swift in Sources */,
				93A68B442982B957004EB692 /* StringExtension.swift in Sources */,
				93A68BFB2982CC5E004EB692 /* DoubleExtension.swift in Sources */,
				93A68BF32982CC5E004EB692 /* UIImage+Extension.swift in Sources */,
				93A68BE32982CC5E004EB692 /* BottomPopupUtils.swift in Sources */,
				93A68C292982CC5F004EB692 /* Obserable+Extension.swift in Sources */,
				93A68BEC2982CC5E004EB692 /* UICollectionView+Reusable.swift in Sources */,
				93A68BEA2982CC5E004EB692 /* BottomPopupPresentationController.swift in Sources */,
				93A68B502982B9A7004EB692 /* BaseViewController.swift in Sources */,
				93A68BE52982CC5E004EB692 /* BottomPopupDismissInteractionController.swift in Sources */,
				93A68BF12982CC5E004EB692 /* UICollectionView+Utilities.swift in Sources */,
				93A68B4A2982B957004EB692 /* DateExtension.swift in Sources */,
				93A68B322982B957004EB692 /* ViewControllerExtension.swift in Sources */,
				93A68B2D2982B957004EB692 /* UIWindow+Extension.swift in Sources */,
				93A68C302982D04A004EB692 /* AlbumsCell.swift in Sources */,
				93A68BED2982CC5E004EB692 /* UITableViewExtensions.swift in Sources */,
				93A68C192982CC5F004EB692 /* CALayerExtension.swift in Sources */,
				93A68B332982B957004EB692 /* Collection+Extension.swift in Sources */,
				93A68BF42982CC5E004EB692 /* UINavigationController+Extension.swift in Sources */,
				93A68BE82982CC5E004EB692 /* BottomPopupPresentAnimator.swift in Sources */,
				93A68B572982BB4A004EB692 /* SettingDefaultFont.swift in Sources */,
				93A68B3D2982B957004EB692 /* String+Extension.swift in Sources */,
				93A68C2D2982CC5F004EB692 /* UIImage+ProportionalFill.m in Sources */,
				93A68B462982B957004EB692 /* Encode+Extension.swift in Sources */,
				93A68B422982B957004EB692 /* UIViewController+Rx.swift in Sources */,
				93A68C2B2982CC5F004EB692 /* UIImage+ImageCompress.m in Sources */,
				93A68B302982B957004EB692 /* UITextViewExtension.swift in Sources */,
				93A68C0D2982CC5E004EB692 /* ViewExtension.swift in Sources */,
				93A68B622982BEC2004EB692 /* ManageCameraMakeUp.swift in Sources */,
				93A68B492982B957004EB692 /* LabelExtension.swift in Sources */,
				93A68B482982B957004EB692 /* ProductViewModel.swift in Sources */,
				93A68C082982CC5E004EB692 /* UIViewControllerExtensions.swift in Sources */,
				93A68C2C2982CC5F004EB692 /* UIImage+Tint.m in Sources */,
				93A68B5F2982BD9F004EB692 /* AlbumsVC.swift in Sources */,
				93A68C072982CC5E004EB692 /* UIActivityExtensions.swift in Sources */,
				93A68B3C2982B957004EB692 /* UITextField_Extension.swift in Sources */,
				93A68B402982B957004EB692 /* UIAllertVC+Extension.swift in Sources */,
				93A68B312982B957004EB692 /* NumberExtension.swift in Sources */,
				93A68BE42982CC5E004EB692 /* BottomPopupViewController.swift in Sources */,
				93A68BE62982CC5E004EB692 /* BottomPopupNavigationController.swift in Sources */,
				93A68B792982CBBD004EB692 /* SetUpBase.swift in Sources */,
				93A68B412982B957004EB692 /* Font+Extension.swift in Sources */,
				93A68B472982B957004EB692 /* PushNotificationHandler.swift in Sources */,
				93A68BF62982CC5E004EB692 /* URL+Extension.swift in Sources */,
				93A68B4D2982B972004EB692 /* KeyboardInfo.swift in Sources */,
				93A68B522982BAAA004EB692 /* TabbarVC.swift in Sources */,
				93A68B392982B957004EB692 /* DecimalNumber+Extension.swift in Sources */,
				93A68C1A2982CC5F004EB692 /* PropertyWapper.swift in Sources */,
				93989DE62980DBB5004BAA1C /* ViewController.swift in Sources */,
				93989DE22980DBB5004BAA1C /* AppDelegate.swift in Sources */,
				93A68C2A2982CC5F004EB692 /* Toucan.swift in Sources */,
				93A68BFC2982CC5E004EB692 /* TableViewExtension.swift in Sources */,
				93A68BF72982CC5E004EB692 /* GiiftImage+Extension.swift in Sources */,
				93A68B282982B957004EB692 /* UIApplication+Extension.swift in Sources */,
				93A68B3A2982B957004EB692 /* ArrayExxtension.swift in Sources */,
				93989DE42980DBB5004BAA1C /* SceneDelegate.swift in Sources */,
				93A68BE92982CC5E004EB692 /* BottomPopupTransitionHandler.swift in Sources */,
				93A68B2E2982B957004EB692 /* UILableExtension.swift in Sources */,
				93A68B452982B957004EB692 /* CodableExtension.swift in Sources */,
				93A68BFF2982CC5E004EB692 /* Array+Extension.swift in Sources */,
				93A68B432982B957004EB692 /* ReadMoreTextViewExtension.swift in Sources */,
				93A68B5E2982BD9F004EB692 /* AlbumsVM.swift in Sources */,
				93A68BE72982CC5E004EB692 /* BottomPopupDismissAnimator.swift in Sources */,
				93A68BFD2982CC5E004EB692 /* NibLoadable.swift in Sources */,
				93A68B7B2982CBBD004EB692 /* BaseModelReponseSuccess.swift in Sources */,
				93A68BF82982CC5E004EB692 /* UINavigationControllerExtensions.swift in Sources */,
				93A68B2A2982B957004EB692 /* RowDetailGeneric.swift in Sources */,
				93A68BF22982CC5E004EB692 /* UICollectionViewExtensions.swift in Sources */,
				93A68B352982B957004EB692 /* UIColor+Extensions.swift in Sources */,
			);
			runOnlyForDeploymentPostprocessing = 0;
		};
/* End PBXSourcesBuildPhase section */

/* Begin PBXVariantGroup section */
		93989DE72980DBB5004BAA1C /* Main.storyboard */ = {
			isa = PBXVariantGroup;
			children = (
				93989DE82980DBB5004BAA1C /* Base */,
			);
			name = Main.storyboard;
			sourceTree = "<group>";
		};
		93989DEC2980DBB6004BAA1C /* LaunchScreen.storyboard */ = {
			isa = PBXVariantGroup;
			children = (
				93989DED2980DBB6004BAA1C /* Base */,
			);
			name = LaunchScreen.storyboard;
			sourceTree = "<group>";
		};
/* End PBXVariantGroup section */

/* Begin XCBuildConfiguration section */
		93989DF02980DBB6004BAA1C /* Debug */ = {
			isa = XCBuildConfiguration;
			buildSettings = {
				ALWAYS_SEARCH_USER_PATHS = NO;
				CLANG_ANALYZER_NONNULL = YES;
				CLANG_ANALYZER_NUMBER_OBJECT_CONVERSION = YES_AGGRESSIVE;
				CLANG_CXX_LANGUAGE_STANDARD = "gnu++17";
				CLANG_ENABLE_MODULES = YES;
				CLANG_ENABLE_OBJC_ARC = YES;
				CLANG_ENABLE_OBJC_WEAK = YES;
				CLANG_WARN_BLOCK_CAPTURE_AUTORELEASING = YES;
				CLANG_WARN_BOOL_CONVERSION = YES;
				CLANG_WARN_COMMA = YES;
				CLANG_WARN_CONSTANT_CONVERSION = YES;
				CLANG_WARN_DEPRECATED_OBJC_IMPLEMENTATIONS = YES;
				CLANG_WARN_DIRECT_OBJC_ISA_USAGE = YES_ERROR;
				CLANG_WARN_DOCUMENTATION_COMMENTS = YES;
				CLANG_WARN_EMPTY_BODY = YES;
				CLANG_WARN_ENUM_CONVERSION = YES;
				CLANG_WARN_INFINITE_RECURSION = YES;
				CLANG_WARN_INT_CONVERSION = YES;
				CLANG_WARN_NON_LITERAL_NULL_CONVERSION = YES;
				CLANG_WARN_OBJC_IMPLICIT_RETAIN_SELF = YES;
				CLANG_WARN_OBJC_LITERAL_CONVERSION = YES;
				CLANG_WARN_OBJC_ROOT_CLASS = YES_ERROR;
				CLANG_WARN_QUOTED_INCLUDE_IN_FRAMEWORK_HEADER = YES;
				CLANG_WARN_RANGE_LOOP_ANALYSIS = YES;
				CLANG_WARN_STRICT_PROTOTYPES = YES;
				CLANG_WARN_SUSPICIOUS_MOVE = YES;
				CLANG_WARN_UNGUARDED_AVAILABILITY = YES_AGGRESSIVE;
				CLANG_WARN_UNREACHABLE_CODE = YES;
				CLANG_WARN__DUPLICATE_METHOD_MATCH = YES;
				COPY_PHASE_STRIP = NO;
				DEBUG_INFORMATION_FORMAT = dwarf;
				ENABLE_STRICT_OBJC_MSGSEND = YES;
				ENABLE_TESTABILITY = YES;
				GCC_C_LANGUAGE_STANDARD = gnu11;
				GCC_DYNAMIC_NO_PIC = NO;
				GCC_NO_COMMON_BLOCKS = YES;
				GCC_OPTIMIZATION_LEVEL = 0;
				GCC_PREPROCESSOR_DEFINITIONS = (
					"DEBUG=1",
					"$(inherited)",
				);
				GCC_WARN_64_TO_32_BIT_CONVERSION = YES;
				GCC_WARN_ABOUT_RETURN_TYPE = YES_ERROR;
				GCC_WARN_UNDECLARED_SELECTOR = YES;
				GCC_WARN_UNINITIALIZED_AUTOS = YES_AGGRESSIVE;
				GCC_WARN_UNUSED_FUNCTION = YES;
				GCC_WARN_UNUSED_VARIABLE = YES;
				IPHONEOS_DEPLOYMENT_TARGET = 13.0;
				MTL_ENABLE_DEBUG_INFO = INCLUDE_SOURCE;
				MTL_FAST_MATH = YES;
				ONLY_ACTIVE_ARCH = YES;
				SDKROOT = iphoneos;
				SWIFT_ACTIVE_COMPILATION_CONDITIONS = DEBUG;
				SWIFT_OPTIMIZATION_LEVEL = "-Onone";
			};
			name = Debug;
		};
		93989DF12980DBB6004BAA1C /* Release */ = {
			isa = XCBuildConfiguration;
			buildSettings = {
				ALWAYS_SEARCH_USER_PATHS = NO;
				CLANG_ANALYZER_NONNULL = YES;
				CLANG_ANALYZER_NUMBER_OBJECT_CONVERSION = YES_AGGRESSIVE;
				CLANG_CXX_LANGUAGE_STANDARD = "gnu++17";
				CLANG_ENABLE_MODULES = YES;
				CLANG_ENABLE_OBJC_ARC = YES;
				CLANG_ENABLE_OBJC_WEAK = YES;
				CLANG_WARN_BLOCK_CAPTURE_AUTORELEASING = YES;
				CLANG_WARN_BOOL_CONVERSION = YES;
				CLANG_WARN_COMMA = YES;
				CLANG_WARN_CONSTANT_CONVERSION = YES;
				CLANG_WARN_DEPRECATED_OBJC_IMPLEMENTATIONS = YES;
				CLANG_WARN_DIRECT_OBJC_ISA_USAGE = YES_ERROR;
				CLANG_WARN_DOCUMENTATION_COMMENTS = YES;
				CLANG_WARN_EMPTY_BODY = YES;
				CLANG_WARN_ENUM_CONVERSION = YES;
				CLANG_WARN_INFINITE_RECURSION = YES;
				CLANG_WARN_INT_CONVERSION = YES;
				CLANG_WARN_NON_LITERAL_NULL_CONVERSION = YES;
				CLANG_WARN_OBJC_IMPLICIT_RETAIN_SELF = YES;
				CLANG_WARN_OBJC_LITERAL_CONVERSION = YES;
				CLANG_WARN_OBJC_ROOT_CLASS = YES_ERROR;
				CLANG_WARN_QUOTED_INCLUDE_IN_FRAMEWORK_HEADER = YES;
				CLANG_WARN_RANGE_LOOP_ANALYSIS = YES;
				CLANG_WARN_STRICT_PROTOTYPES = YES;
				CLANG_WARN_SUSPICIOUS_MOVE = YES;
				CLANG_WARN_UNGUARDED_AVAILABILITY = YES_AGGRESSIVE;
				CLANG_WARN_UNREACHABLE_CODE = YES;
				CLANG_WARN__DUPLICATE_METHOD_MATCH = YES;
				COPY_PHASE_STRIP = NO;
				DEBUG_INFORMATION_FORMAT = "dwarf-with-dsym";
				ENABLE_NS_ASSERTIONS = NO;
				ENABLE_STRICT_OBJC_MSGSEND = YES;
				GCC_C_LANGUAGE_STANDARD = gnu11;
				GCC_NO_COMMON_BLOCKS = YES;
				GCC_WARN_64_TO_32_BIT_CONVERSION = YES;
				GCC_WARN_ABOUT_RETURN_TYPE = YES_ERROR;
				GCC_WARN_UNDECLARED_SELECTOR = YES;
				GCC_WARN_UNINITIALIZED_AUTOS = YES_AGGRESSIVE;
				GCC_WARN_UNUSED_FUNCTION = YES;
				GCC_WARN_UNUSED_VARIABLE = YES;
				IPHONEOS_DEPLOYMENT_TARGET = 13.0;
				MTL_ENABLE_DEBUG_INFO = NO;
				MTL_FAST_MATH = YES;
				SDKROOT = iphoneos;
				SWIFT_COMPILATION_MODE = wholemodule;
				SWIFT_OPTIMIZATION_LEVEL = "-O";
				VALIDATE_PRODUCT = YES;
			};
			name = Release;
		};
		93989DF32980DBB6004BAA1C /* Debug */ = {
			isa = XCBuildConfiguration;
			baseConfigurationReference = 999FB3D2B793C55A9D91078E /* Pods-Easy Camera Makeup.debug.xcconfig */;
			buildSettings = {
				ASSETCATALOG_COMPILER_APPICON_NAME = AppIcon;
				ASSETCATALOG_COMPILER_GLOBAL_ACCENT_COLOR_NAME = AccentColor;
				CODE_SIGN_STYLE = Automatic;
				CURRENT_PROJECT_VERSION = 1;
				DEVELOPMENT_TEAM = 665P9X9V7P;
				ENABLE_BITCODE = NO;
				GENERATE_INFOPLIST_FILE = YES;
				INFOPLIST_FILE = "Easy Camera Makeup/Info.plist";
				INFOPLIST_KEY_UIApplicationSupportsIndirectInputEvents = YES;
				INFOPLIST_KEY_UILaunchStoryboardName = LaunchScreen;
				INFOPLIST_KEY_UIMainStoryboardFile = Main;
				INFOPLIST_KEY_UISupportedInterfaceOrientations_iPad = "UIInterfaceOrientationPortrait UIInterfaceOrientationPortraitUpsideDown UIInterfaceOrientationLandscapeLeft UIInterfaceOrientationLandscapeRight";
				INFOPLIST_KEY_UISupportedInterfaceOrientations_iPhone = "UIInterfaceOrientationPortrait UIInterfaceOrientationLandscapeLeft UIInterfaceOrientationLandscapeRight";
				IPHONEOS_DEPLOYMENT_TARGET = 13.0;
				LD_RUNPATH_SEARCH_PATHS = (
					"$(inherited)",
					"@executable_path/Frameworks",
				);
				MARKETING_VERSION = 1.0;
				PRODUCT_BUNDLE_IDENTIFIER = "haiphan.Easy-Camera-Makeup";
				PRODUCT_NAME = "$(TARGET_NAME)";
				SWIFT_EMIT_LOC_STRINGS = YES;
				SWIFT_VERSION = 5.0;
				TARGETED_DEVICE_FAMILY = "1,2";
			};
			name = Debug;
		};
		93989DF42980DBB6004BAA1C /* Release */ = {
			isa = XCBuildConfiguration;
			baseConfigurationReference = 23623C639D3A793F53C90E7E /* Pods-Easy Camera Makeup.release.xcconfig */;
			buildSettings = {
				ASSETCATALOG_COMPILER_APPICON_NAME = AppIcon;
				ASSETCATALOG_COMPILER_GLOBAL_ACCENT_COLOR_NAME = AccentColor;
				CODE_SIGN_STYLE = Automatic;
				CURRENT_PROJECT_VERSION = 1;
				DEVELOPMENT_TEAM = 665P9X9V7P;
				ENABLE_BITCODE = NO;
				GENERATE_INFOPLIST_FILE = YES;
				INFOPLIST_FILE = "Easy Camera Makeup/Info.plist";
				INFOPLIST_KEY_UIApplicationSupportsIndirectInputEvents = YES;
				INFOPLIST_KEY_UILaunchStoryboardName = LaunchScreen;
				INFOPLIST_KEY_UIMainStoryboardFile = Main;
				INFOPLIST_KEY_UISupportedInterfaceOrientations_iPad = "UIInterfaceOrientationPortrait UIInterfaceOrientationPortraitUpsideDown UIInterfaceOrientationLandscapeLeft UIInterfaceOrientationLandscapeRight";
				INFOPLIST_KEY_UISupportedInterfaceOrientations_iPhone = "UIInterfaceOrientationPortrait UIInterfaceOrientationLandscapeLeft UIInterfaceOrientationLandscapeRight";
				IPHONEOS_DEPLOYMENT_TARGET = 13.0;
				LD_RUNPATH_SEARCH_PATHS = (
					"$(inherited)",
					"@executable_path/Frameworks",
				);
				MARKETING_VERSION = 1.0;
				PRODUCT_BUNDLE_IDENTIFIER = "haiphan.Easy-Camera-Makeup";
				PRODUCT_NAME = "$(TARGET_NAME)";
				SWIFT_EMIT_LOC_STRINGS = YES;
				SWIFT_VERSION = 5.0;
				TARGETED_DEVICE_FAMILY = "1,2";
			};
			name = Release;
		};
/* End XCBuildConfiguration section */

/* Begin XCConfigurationList section */
		93989DD92980DBB5004BAA1C /* Build configuration list for PBXProject "Easy Camera Makeup" */ = {
			isa = XCConfigurationList;
			buildConfigurations = (
				93989DF02980DBB6004BAA1C /* Debug */,
				93989DF12980DBB6004BAA1C /* Release */,
			);
			defaultConfigurationIsVisible = 0;
			defaultConfigurationName = Release;
		};
		93989DF22980DBB6004BAA1C /* Build configuration list for PBXNativeTarget "Easy Camera Makeup" */ = {
			isa = XCConfigurationList;
			buildConfigurations = (
				93989DF32980DBB6004BAA1C /* Debug */,
				93989DF42980DBB6004BAA1C /* Release */,
			);
			defaultConfigurationIsVisible = 0;
			defaultConfigurationName = Release;
		};
/* End XCConfigurationList section */
	};
	rootObject = 93989DD62980DBB5004BAA1C /* Project object */;
}
